
Microsoft Visual Studio Solution File, Format Version 12.00
# Visual Studio Version 16
VisualStudioVersion = 16.0.29409.12
MinimumVisualStudioVersion = 10.0.40219.1
Project("{9A19103F-16F7-4668-BE54-9A1E7A4F7556}") = "Configuration", "src\Configuration\Configuration.csproj", "{049A01A4-92E9-4167-8093-61B12772D881}"
EndProject
Project("{9A19103F-16F7-4668-BE54-9A1E7A4F7556}") = "Logging", "src\Logging\Logging.csproj", "{0BF22EC9-E32A-42F3-92BF-1E27BC61CE36}"
EndProject
Project("{9A19103F-16F7-4668-BE54-9A1E7A4F7556}") = "Security.Cryptography", "src\Security.Cryptography\Security.Cryptography.csproj", "{DD2C53B6-583E-4CA8-A8B0-19EA2C5D31BA}"
EndProject
Project("{9A19103F-16F7-4668-BE54-9A1E7A4F7556}") = "Data.SqlClient", "src\Data.SqlClient\Data.SqlClient.csproj", "{0678546E-6719-4D4F-B7FD-DB50F8160A3D}"
EndProject
Project("{9A19103F-16F7-4668-BE54-9A1E7A4F7556}") = "EntityFrameworkCore", "src\EntityFrameworkCore\EntityFrameworkCore.csproj", "{DF1112AB-53BA-4A12-BBC6-A3482850F057}"
EndProject
Project("{9A19103F-16F7-4668-BE54-9A1E7A4F7556}") = "AspNetCore", "src\AspNetCore\AspNetCore.csproj", "{35740F36-87A3-46B1-A8A2-3A374BC79CED}"
EndProject
Project("{2150E333-8FDC-42A3-9474-1A3956D46DE8}") = "_Solution Items", "_Solution Items", "{8DE82B69-A512-4953-B0B5-1013AF3C8FBF}"
	ProjectSection(SolutionItems) = preProject
		.editorconfig = .editorconfig
		.gitignore = .gitignore
		appveyor.yml = appveyor.yml
		src\Directory.Build.props = src\Directory.Build.props
		LICENSE = LICENSE
		README.md = README.md
	EndProjectSection
EndProject
Project("{9A19103F-16F7-4668-BE54-9A1E7A4F7556}") = "MemoryCache", "src\MemoryCache\MemoryCache.csproj", "{DC6B0A95-F160-4722-96FB-CEEE2CFF37EB}"
EndProject
Project("{9A19103F-16F7-4668-BE54-9A1E7A4F7556}") = "Xunit", "src\Xunit\Xunit.csproj", "{EEE5CCB4-0AD1-4E82-9780-EFE806AB469C}"
EndProject
Project("{9A19103F-16F7-4668-BE54-9A1E7A4F7556}") = "Azure", "src\Azure\Azure.csproj", "{7522E18E-6877-4EB3-89F1-604CD97421C9}"
EndProject
Project("{9A19103F-16F7-4668-BE54-9A1E7A4F7556}") = "Extensions", "src\Extensions\Extensions.csproj", "{0D1DE70F-B909-4377-BA84-0B29DB318842}"
EndProject
Project("{9A19103F-16F7-4668-BE54-9A1E7A4F7556}") = "DependencyInjection", "src\DependencyInjection\DependencyInjection.csproj", "{E1B9A73A-CA46-4B02-87C9-656E28F57743}"
EndProject
Project("{9A19103F-16F7-4668-BE54-9A1E7A4F7556}") = "Diagnostics", "src\Diagnostics\Diagnostics.csproj", "{BA70D45E-A5F5-4989-AAE6-B2F9DA922065}"
EndProject
Project("{9A19103F-16F7-4668-BE54-9A1E7A4F7556}") = "Http", "src\Http\Http.csproj", "{CCAF234D-1039-46F8-9874-3D4C258999D4}"
EndProject
Global
	GlobalSection(SolutionConfigurationPlatforms) = preSolution
		Debug|Any CPU = Debug|Any CPU
		Release|Any CPU = Release|Any CPU
	EndGlobalSection
	GlobalSection(ProjectConfigurationPlatforms) = postSolution
		{049A01A4-92E9-4167-8093-61B12772D881}.Debug|Any CPU.ActiveCfg = Debug|Any CPU
		{049A01A4-92E9-4167-8093-61B12772D881}.Debug|Any CPU.Build.0 = Debug|Any CPU
		{049A01A4-92E9-4167-8093-61B12772D881}.Release|Any CPU.ActiveCfg = Release|Any CPU
		{049A01A4-92E9-4167-8093-61B12772D881}.Release|Any CPU.Build.0 = Release|Any CPU
		{0BF22EC9-E32A-42F3-92BF-1E27BC61CE36}.Debug|Any CPU.ActiveCfg = Debug|Any CPU
		{0BF22EC9-E32A-42F3-92BF-1E27BC61CE36}.Debug|Any CPU.Build.0 = Debug|Any CPU
		{0BF22EC9-E32A-42F3-92BF-1E27BC61CE36}.Release|Any CPU.ActiveCfg = Release|Any CPU
		{0BF22EC9-E32A-42F3-92BF-1E27BC61CE36}.Release|Any CPU.Build.0 = Release|Any CPU
		{DD2C53B6-583E-4CA8-A8B0-19EA2C5D31BA}.Debug|Any CPU.ActiveCfg = Debug|Any CPU
		{DD2C53B6-583E-4CA8-A8B0-19EA2C5D31BA}.Debug|Any CPU.Build.0 = Debug|Any CPU
		{DD2C53B6-583E-4CA8-A8B0-19EA2C5D31BA}.Release|Any CPU.ActiveCfg = Release|Any CPU
		{DD2C53B6-583E-4CA8-A8B0-19EA2C5D31BA}.Release|Any CPU.Build.0 = Release|Any CPU
		{0678546E-6719-4D4F-B7FD-DB50F8160A3D}.Debug|Any CPU.ActiveCfg = Debug|Any CPU
		{0678546E-6719-4D4F-B7FD-DB50F8160A3D}.Debug|Any CPU.Build.0 = Debug|Any CPU
		{0678546E-6719-4D4F-B7FD-DB50F8160A3D}.Release|Any CPU.ActiveCfg = Release|Any CPU
		{0678546E-6719-4D4F-B7FD-DB50F8160A3D}.Release|Any CPU.Build.0 = Release|Any CPU
		{DF1112AB-53BA-4A12-BBC6-A3482850F057}.Debug|Any CPU.ActiveCfg = Debug|Any CPU
		{DF1112AB-53BA-4A12-BBC6-A3482850F057}.Debug|Any CPU.Build.0 = Debug|Any CPU
		{DF1112AB-53BA-4A12-BBC6-A3482850F057}.Release|Any CPU.ActiveCfg = Release|Any CPU
		{DF1112AB-53BA-4A12-BBC6-A3482850F057}.Release|Any CPU.Build.0 = Release|Any CPU
		{35740F36-87A3-46B1-A8A2-3A374BC79CED}.Debug|Any CPU.ActiveCfg = Debug|Any CPU
		{35740F36-87A3-46B1-A8A2-3A374BC79CED}.Debug|Any CPU.Build.0 = Debug|Any CPU
		{35740F36-87A3-46B1-A8A2-3A374BC79CED}.Release|Any CPU.ActiveCfg = Release|Any CPU
		{35740F36-87A3-46B1-A8A2-3A374BC79CED}.Release|Any CPU.Build.0 = Release|Any CPU
		{DC6B0A95-F160-4722-96FB-CEEE2CFF37EB}.Debug|Any CPU.ActiveCfg = Debug|Any CPU
		{DC6B0A95-F160-4722-96FB-CEEE2CFF37EB}.Debug|Any CPU.Build.0 = Debug|Any CPU
		{DC6B0A95-F160-4722-96FB-CEEE2CFF37EB}.Release|Any CPU.ActiveCfg = Release|Any CPU
		{DC6B0A95-F160-4722-96FB-CEEE2CFF37EB}.Release|Any CPU.Build.0 = Release|Any CPU
		{EEE5CCB4-0AD1-4E82-9780-EFE806AB469C}.Debug|Any CPU.ActiveCfg = Debug|Any CPU
		{EEE5CCB4-0AD1-4E82-9780-EFE806AB469C}.Debug|Any CPU.Build.0 = Debug|Any CPU
		{EEE5CCB4-0AD1-4E82-9780-EFE806AB469C}.Release|Any CPU.ActiveCfg = Release|Any CPU
		{EEE5CCB4-0AD1-4E82-9780-EFE806AB469C}.Release|Any CPU.Build.0 = Release|Any CPU
		{7522E18E-6877-4EB3-89F1-604CD97421C9}.Debug|Any CPU.ActiveCfg = Debug|Any CPU
		{7522E18E-6877-4EB3-89F1-604CD97421C9}.Debug|Any CPU.Build.0 = Debug|Any CPU
		{7522E18E-6877-4EB3-89F1-604CD97421C9}.Release|Any CPU.ActiveCfg = Release|Any CPU
		{7522E18E-6877-4EB3-89F1-604CD97421C9}.Release|Any CPU.Build.0 = Release|Any CPU
		{0D1DE70F-B909-4377-BA84-0B29DB318842}.Debug|Any CPU.ActiveCfg = Debug|Any CPU
		{0D1DE70F-B909-4377-BA84-0B29DB318842}.Debug|Any CPU.Build.0 = Debug|Any CPU
		{0D1DE70F-B909-4377-BA84-0B29DB318842}.Release|Any CPU.ActiveCfg = Release|Any CPU
		{0D1DE70F-B909-4377-BA84-0B29DB318842}.Release|Any CPU.Build.0 = Release|Any CPU
		{E1B9A73A-CA46-4B02-87C9-656E28F57743}.Debug|Any CPU.ActiveCfg = Debug|Any CPU
		{E1B9A73A-CA46-4B02-87C9-656E28F57743}.Debug|Any CPU.Build.0 = Debug|Any CPU
		{E1B9A73A-CA46-4B02-87C9-656E28F57743}.Release|Any CPU.ActiveCfg = Release|Any CPU
		{E1B9A73A-CA46-4B02-87C9-656E28F57743}.Release|Any CPU.Build.0 = Release|Any CPU
		{BA70D45E-A5F5-4989-AAE6-B2F9DA922065}.Debug|Any CPU.ActiveCfg = Debug|Any CPU
		{BA70D45E-A5F5-4989-AAE6-B2F9DA922065}.Debug|Any CPU.Build.0 = Debug|Any CPU
		{BA70D45E-A5F5-4989-AAE6-B2F9DA922065}.Release|Any CPU.ActiveCfg = Release|Any CPU
		{BA70D45E-A5F5-4989-AAE6-B2F9DA922065}.Release|Any CPU.Build.0 = Release|Any CPU
		{CCAF234D-1039-46F8-9874-3D4C258999D4}.Debug|Any CPU.ActiveCfg = Debug|Any CPU
		{CCAF234D-1039-46F8-9874-3D4C258999D4}.Debug|Any CPU.Build.0 = Debug|Any CPU
		{CCAF234D-1039-46F8-9874-3D4C258999D4}.Release|Any CPU.ActiveCfg = Release|Any CPU
		{CCAF234D-1039-46F8-9874-3D4C258999D4}.Release|Any CPU.Build.0 = Release|Any CPU
	EndGlobalSection
	GlobalSection(SolutionProperties) = preSolution
		HideSolutionNode = FALSE
	EndGlobalSection
	GlobalSection(ExtensibilityGlobals) = postSolution
		SolutionGuid = {01523752-AD6D-427C-AA4D-BFB9645BD920}
	EndGlobalSection
EndGlobal
